
Microsoft Visual Studio Solution File, Format Version 12.00
# Visual Studio Version 17
VisualStudioVersion = 17.5.002.0
MinimumVisualStudioVersion = 10.0.40219.1
Project("{9A19103F-16F7-4668-BE54-9A1E7A4F7556}") = "Controllers", "Controllers.csproj", "{5AF93B76-D560-4267-BC1D-7633CF332A14}"
EndProject
Global
	GlobalSection(SolutionConfigurationPlatforms) = preSolution
		Debug|Any CPU = Debug|Any CPU
		Release|Any CPU = Release|Any CPU
	EndGlobalSection
	GlobalSection(ProjectConfigurationPlatforms) = postSolution
		{5AF93B76-D560-4267-BC1D-7633CF332A14}.Debug|Any CPU.ActiveCfg = Debug|Any CPU
		{5AF93B76-D560-4267-BC1D-7633CF332A14}.Debug|Any CPU.Build.0 = Debug|Any CPU
		{5AF93B76-D560-4267-BC1D-7633CF332A14}.Release|Any CPU.ActiveCfg = Release|Any CPU
		{5AF93B76-D560-4267-BC1D-7633CF332A14}.Release|Any CPU.Build.0 = Release|Any CPU
	EndGlobalSection
	GlobalSection(SolutionProperties) = preSolution
		HideSolutionNode = FALSE
	EndGlobalSection
	GlobalSection(ExtensibilityGlobals) = postSolution
		SolutionGuid = {9733E837-16D0-4139-AAE7-D4608D43CB86}
	EndGlobalSection
EndGlobal
