
Microsoft Visual Studio Solution File, Format Version 12.00
# Visual Studio Version 17
VisualStudioVersion = 17.5.002.0
MinimumVisualStudioVersion = 10.0.40219.1
Project("{9A19103F-16F7-4668-BE54-9A1E7A4F7556}") = "SendEmail", "SendEmail.csproj", "{923B6042-4FB3-455D-896D-D9FB75C77790}"
EndProject
Global
	GlobalSection(SolutionConfigurationPlatforms) = preSolution
		Debug|Any CPU = Debug|Any CPU
		Release|Any CPU = Release|Any CPU
	EndGlobalSection
	GlobalSection(ProjectConfigurationPlatforms) = postSolution
		{923B6042-4FB3-455D-896D-D9FB75C77790}.Debug|Any CPU.ActiveCfg = Debug|Any CPU
		{923B6042-4FB3-455D-896D-D9FB75C77790}.Debug|Any CPU.Build.0 = Debug|Any CPU
		{923B6042-4FB3-455D-896D-D9FB75C77790}.Release|Any CPU.ActiveCfg = Release|Any CPU
		{923B6042-4FB3-455D-896D-D9FB75C77790}.Release|Any CPU.Build.0 = Release|Any CPU
	EndGlobalSection
	GlobalSection(SolutionProperties) = preSolution
		HideSolutionNode = FALSE
	EndGlobalSection
	GlobalSection(ExtensibilityGlobals) = postSolution
		SolutionGuid = {3B71E66C-C88A-41AB-ACE7-2173FCAA6B7F}
	EndGlobalSection
EndGlobal
